// !$*UTF8*$!
{
	archiveVersion = 1;
	classes = {
	};
	objectVersion = 77;
	objects = {

/* Begin PBXBuildFile section */
		7F0611AF2F2E352300EE1B87 /* ManagedSettings.framework in Frameworks */ = {isa = PBXBuildFile; fileRef = 7F0611AE2F2E352300EE1B87 /* ManagedSettings.framework */; };
		7F0611B12F2E352300EE1B87 /* ManagedSettingsUI.framework in Frameworks */ = {isa = PBXBuildFile; fileRef = 7F0611B02F2E352300EE1B87 /* ManagedSettingsUI.framework */; };
		7F0611C42F2E355300EE1B87 /* ManagedSettings.framework in Frameworks */ = {isa = PBXBuildFile; fileRef = 7F0611AE2F2E352300EE1B87 /* ManagedSettings.framework */; };
		7F0612402F2F4B3E00EE1B87 /* DeviceActivity.framework in Frameworks */ = {isa = PBXBuildFile; fileRef = 7F06123F2F2F4B3E00EE1B87 /* DeviceActivity.framework */; };
		7F06124E2F2F577600EE1B87 /* ShieldConfigurationExtension.appex in Embed App Extensions */ = {isa = PBXBuildFile; fileRef = 7F0611AC2F2E352300EE1B87 /* ShieldConfigurationExtension.appex */; settings = {ATTRIBUTES = (RemoveHeadersOnCopy, ); }; };
		7F06124F2F2F577A00EE1B87 /* ShieldActionExtension.appex in Embed App Extensions */ = {isa = PBXBuildFile; fileRef = 7F0611C32F2E355300EE1B87 /* ShieldActionExtension.appex */; settings = {ATTRIBUTES = (RemoveHeadersOnCopy, ); }; };
		7F0612502F2F577E00EE1B87 /* DeviceActivityMonitorExtension.appex in Embed App Extensions */ = {isa = PBXBuildFile; fileRef = 7F06123E2F2F4B3E00EE1B87 /* DeviceActivityMonitorExtension.appex */; settings = {ATTRIBUTES = (RemoveHeadersOnCopy, ); }; };
		7F117E402F82368900DA3116 /* Supabase in Frameworks */ = {isa = PBXBuildFile; productRef = 7F117E3F2F82368900DA3116 /* Supabase */; };
		7F7A2D1A3004EF2B00D7E91F /* UsageReportExtension.appex in Embed ExtensionKit Extensions */ = {isa = PBXBuildFile; fileRef = 7F7A2D0E3004EF2B00D7E91F /* UsageReportExtension.appex */; settings = {ATTRIBUTES = (RemoveHeadersOnCopy, ); }; };
		7F7A30F6300B980400D7E91F /* RevenueCat in Frameworks */ = {isa = PBXBuildFile; productRef = 7F7A2FB0300B97A800D7E91F /* RevenueCat */; };
		7FADAD0330130003000AD003 /* GoogleMobileAds in Frameworks */ = {isa = PBXBuildFile; productRef = 7FADAD0230130002000AD002 /* GoogleMobileAds */; };
		7FC0525F2FB7501F00723E30 /* WidgetKit.framework in Frameworks */ = {isa = PBXBuildFile; fileRef = 7FC0525E2FB7501F00723E30 /* WidgetKit.framework */; };
		7FC052612FB7501F00723E30 /* SwiftUI.framework in Frameworks */ = {isa = PBXBuildFile; fileRef = 7FC052602FB7501F00723E30 /* SwiftUI.framework */; };
		7FC0526E2FB7502100723E30 /* AreteWidgetExtension.appex in Embed App Extensions */ = {isa = PBXBuildFile; fileRef = 7FC0525D2FB7501F00723E30 /* AreteWidgetExtension.appex */; settings = {ATTRIBUTES = (RemoveHeadersOnCopy, ); }; };
/* End PBXBuildFile section */

/* Begin PBXContainerItemProxy section */
		7F0611B72F2E352300EE1B87 /* PBXContainerItemProxy */ = {
			isa = PBXContainerItemProxy;
			containerPortal = 7F0611602F2E29F600EE1B87 /* Project object */;
			proxyType = 1;
			remoteGlobalIDString = 7F0611AB2F2E352300EE1B87;
			remoteInfo = ShieldConfigurationExtension;
		};
		7F0611CA2F2E355300EE1B87 /* PBXContainerItemProxy */ = {
			isa = PBXContainerItemProxy;
			containerPortal = 7F0611602F2E29F600EE1B87 /* Project object */;
			proxyType = 1;
			remoteGlobalIDString = 7F0611C22F2E355300EE1B87;
			remoteInfo = ShieldActionExtension;
		};
		7F0612462F2F4B3E00EE1B87 /* PBXContainerItemProxy */ = {
			isa = PBXContainerItemProxy;
			containerPortal = 7F0611602F2E29F600EE1B87 /* Project object */;
			proxyType = 1;
			remoteGlobalIDString = 7F06123D2F2F4B3E00EE1B87;
			remoteInfo = DeviceActivityMonitorExtension;
		};
		7F7A2D183004EF2B00D7E91F /* PBXContainerItemProxy */ = {
			isa = PBXContainerItemProxy;
			containerPortal = 7F0611602F2E29F600EE1B87 /* Project object */;
			proxyType = 1;
			remoteGlobalIDString = 7F7A2D0D3004EF2B00D7E91F;
			remoteInfo = UsageReportExtension;
		};
		7FC0526C2FB7502100723E30 /* PBXContainerItemProxy */ = {
			isa = PBXContainerItemProxy;
			containerPortal = 7F0611602F2E29F600EE1B87 /* Project object */;
			proxyType = 1;
			remoteGlobalIDString = 7FC0525C2FB7501F00723E30;
			remoteInfo = AreteWidgetExtension;
		};
/* End PBXContainerItemProxy section */

/* Begin PBXCopyFilesBuildPhase section */
		7F06124D2F2F572D00EE1B87 /* Embed App Extensions */ = {
			isa = PBXCopyFilesBuildPhase;
			buildActionMask = 2147483647;
			dstPath = "";
			dstSubfolderSpec = 13;
			files = (
				7FC0526E2FB7502100723E30 /* AreteWidgetExtension.appex in Embed App Extensions */,
				7F0612502F2F577E00EE1B87 /* DeviceActivityMonitorExtension.appex in Embed App Extensions */,
				7F06124F2F2F577A00EE1B87 /* ShieldActionExtension.appex in Embed App Extensions */,
				7F06124E2F2F577600EE1B87 /* ShieldConfigurationExtension.appex in Embed App Extensions */,
			);
			name = "Embed App Extensions";
			runOnlyForDeploymentPostprocessing = 0;
		};
		7F7A2D1F3004EF2B00D7E91F /* Embed ExtensionKit Extensions */ = {
			isa = PBXCopyFilesBuildPhase;
			buildActionMask = 2147483647;
			dstPath = "$(EXTENSIONS_FOLDER_PATH)";
			dstSubfolderSpec = 16;
			files = (
				7F7A2D1A3004EF2B00D7E91F /* UsageReportExtension.appex in Embed ExtensionKit Extensions */,
			);
			name = "Embed ExtensionKit Extensions";
			runOnlyForDeploymentPostprocessing = 0;
		};
/* End PBXCopyFilesBuildPhase section */

/* Begin PBXFileReference section */
		7F0611682F2E29F600EE1B87 /* AppBlocker.app */ = {isa = PBXFileReference; explicitFileType = wrapper.application; includeInIndex = 0; path = AppBlocker.app; sourceTree = BUILT_PRODUCTS_DIR; };
		7F0611AC2F2E352300EE1B87 /* ShieldConfigurationExtension.appex */ = {isa = PBXFileReference; explicitFileType = "wrapper.app-extension"; includeInIndex = 0; path = ShieldConfigurationExtension.appex; sourceTree = BUILT_PRODUCTS_DIR; };
		7F0611AE2F2E352300EE1B87 /* ManagedSettings.framework */ = {isa = PBXFileReference; lastKnownFileType = wrapper.framework; name = ManagedSettings.framework; path = System/Library/Frameworks/ManagedSettings.framework; sourceTree = SDKROOT; };
		7F0611B02F2E352300EE1B87 /* ManagedSettingsUI.framework */ = {isa = PBXFileReference; lastKnownFileType = wrapper.framework; name = ManagedSettingsUI.framework; path = Library/Frameworks/ManagedSettingsUI.framework; sourceTree = DEVELOPER_DIR; };
		7F0611C32F2E355300EE1B87 /* ShieldActionExtension.appex */ = {isa = PBXFileReference; explicitFileType = "wrapper.app-extension"; includeInIndex = 0; path = ShieldActionExtension.appex; sourceTree = BUILT_PRODUCTS_DIR; };
		7F06123E2F2F4B3E00EE1B87 /* DeviceActivityMonitorExtension.appex */ = {isa = PBXFileReference; explicitFileType = "wrapper.app-extension"; includeInIndex = 0; path = DeviceActivityMonitorExtension.appex; sourceTree = BUILT_PRODUCTS_DIR; };
		7F06123F2F2F4B3E00EE1B87 /* DeviceActivity.framework */ = {isa = PBXFileReference; lastKnownFileType = wrapper.framework; name = DeviceActivity.framework; path = System/Library/Frameworks/DeviceActivity.framework; sourceTree = SDKROOT; };
		7F7A2D0E3004EF2B00D7E91F /* UsageReportExtension.appex */ = {isa = PBXFileReference; explicitFileType = "wrapper.extensionkit-extension"; includeInIndex = 0; path = UsageReportExtension.appex; sourceTree = BUILT_PRODUCTS_DIR; };
		7FC0525D2FB7501F00723E30 /* AreteWidgetExtension.appex */ = {isa = PBXFileReference; explicitFileType = "wrapper.app-extension"; includeInIndex = 0; path = AreteWidgetExtension.appex; sourceTree = BUILT_PRODUCTS_DIR; };
		7FC0525E2FB7501F00723E30 /* WidgetKit.framework */ = {isa = PBXFileReference; lastKnownFileType = wrapper.framework; name = WidgetKit.framework; path = System/Library/Frameworks/WidgetKit.framework; sourceTree = SDKROOT; };
		7FC052602FB7501F00723E30 /* SwiftUI.framework */ = {isa = PBXFileReference; lastKnownFileType = wrapper.framework; name = SwiftUI.framework; path = System/Library/Frameworks/SwiftUI.framework; sourceTree = SDKROOT; };
		7FC052732FB750B800723E30 /* AreteWidgetExtension.entitlements */ = {isa = PBXFileReference; lastKnownFileType = text.plist.entitlements; path = AreteWidgetExtension.entitlements; sourceTree = "<group>"; };
/* End PBXFileReference section */

/* Begin PBXFileSystemSynchronizedBuildFileExceptionSet section */
		7F0611BA2F2E352300EE1B87 /* Exceptions for "ShieldConfigurationExtension" folder in "ShieldConfigurationExtension" target */ = {
			isa = PBXFileSystemSynchronizedBuildFileExceptionSet;
			membershipExceptions = (
				Info.plist,
			);
			target = 7F0611AB2F2E352300EE1B87 /* ShieldConfigurationExtension */;
		};
		7F0611CD2F2E355300EE1B87 /* Exceptions for "ShieldActionExtension" folder in "ShieldActionExtension" target */ = {
			isa = PBXFileSystemSynchronizedBuildFileExceptionSet;
			membershipExceptions = (
				Info.plist,
			);
			target = 7F0611C22F2E355300EE1B87 /* ShieldActionExtension */;
		};
		7F0612492F2F4B3E00EE1B87 /* Exceptions for "DeviceActivityMonitorExtension" folder in "DeviceActivityMonitorExtension" target */ = {
			isa = PBXFileSystemSynchronizedBuildFileExceptionSet;
			membershipExceptions = (
				Info.plist,
			);
			target = 7F06123D2F2F4B3E00EE1B87 /* DeviceActivityMonitorExtension */;
		};
		7F0612D72F2FB2C900EE1B87 /* Exceptions for "AppBlocker" folder in "AppBlocker" target */ = {
			isa = PBXFileSystemSynchronizedBuildFileExceptionSet;
			membershipExceptions = (
				Info.plist,
			);
			target = 7F0611672F2E29F600EE1B87 /* AppBlocker */;
		};
		7F7A2D1E3004EF2B00D7E91F /* Exceptions for "UsageReportExtension" folder in "UsageReportExtension" target */ = {
			isa = PBXFileSystemSynchronizedBuildFileExceptionSet;
			membershipExceptions = (
				Info.plist,
			);
			target = 7F7A2D0D3004EF2B00D7E91F /* UsageReportExtension */;
		};
		7FC052722FB7502100723E30 /* Exceptions for "AreteWidget" folder in "AreteWidgetExtension" target */ = {
			isa = PBXFileSystemSynchronizedBuildFileExceptionSet;
			membershipExceptions = (
				Info.plist,
			);
			target = 7FC0525C2FB7501F00723E30 /* AreteWidgetExtension */;
		};
/* End PBXFileSystemSynchronizedBuildFileExceptionSet section */

/* Begin PBXFileSystemSynchronizedRootGroup section */
		7F06116A2F2E29F600EE1B87 /* AppBlocker */ = {
			isa = PBXFileSystemSynchronizedRootGroup;
			exceptions = (
				7F0612D72F2FB2C900EE1B87 /* Exceptions for "AppBlocker" folder in "AppBlocker" target */,
			);
			path = AppBlocker;
			sourceTree = "<group>";
		};
		7F0611B22F2E352300EE1B87 /* ShieldConfigurationExtension */ = {
			isa = PBXFileSystemSynchronizedRootGroup;
			exceptions = (
				7F0611BA2F2E352300EE1B87 /* Exceptions for "ShieldConfigurationExtension" folder in "ShieldConfigurationExtension" target */,
			);
			path = ShieldConfigurationExtension;
			sourceTree = "<group>";
		};
		7F0611C52F2E355300EE1B87 /* ShieldActionExtension */ = {
			isa = PBXFileSystemSynchronizedRootGroup;
			exceptions = (
				7F0611CD2F2E355300EE1B87 /* Exceptions for "ShieldActionExtension" folder in "ShieldActionExtension" target */,
			);
			path = ShieldActionExtension;
			sourceTree = "<group>";
		};
		7F0612412F2F4B3E00EE1B87 /* DeviceActivityMonitorExtension */ = {
			isa = PBXFileSystemSynchronizedRootGroup;
			exceptions = (
				7F0612492F2F4B3E00EE1B87 /* Exceptions for "DeviceActivityMonitorExtension" folder in "DeviceActivityMonitorExtension" target */,
			);
			path = DeviceActivityMonitorExtension;
			sourceTree = "<group>";
		};
		7F7A2D0F3004EF2B00D7E91F /* UsageReportExtension */ = {
			isa = PBXFileSystemSynchronizedRootGroup;
			exceptions = (
				7F7A2D1E3004EF2B00D7E91F /* Exceptions for "UsageReportExtension" folder in "UsageReportExtension" target */,
			);
			path = UsageReportExtension;
			sourceTree = "<group>";
		};
		7FC052622FB7501F00723E30 /* AreteWidget */ = {
			isa = PBXFileSystemSynchronizedRootGroup;
			exceptions = (
				7FC052722FB7502100723E30 /* Exceptions for "AreteWidget" folder in "AreteWidgetExtension" target */,
			);
			path = AreteWidget;
			sourceTree = "<group>";
		};
/* End PBXFileSystemSynchronizedRootGroup section */

/* Begin PBXFrameworksBuildPhase section */
		7F0611652F2E29F600EE1B87 /* Frameworks */ = {
			isa = PBXFrameworksBuildPhase;
			buildActionMask = 2147483647;
			files = (
				7F7A30F6300B980400D7E91F /* RevenueCat in Frameworks */,
				7F117E402F82368900DA3116 /* Supabase in Frameworks */,
				7FADAD0330130003000AD003 /* GoogleMobileAds in Frameworks */,
			);
			runOnlyForDeploymentPostprocessing = 0;
		};
		7F0611A92F2E352300EE1B87 /* Frameworks */ = {
			isa = PBXFrameworksBuildPhase;
			buildActionMask = 2147483647;
			files = (
				7F0611AF2F2E352300EE1B87 /* ManagedSettings.framework in Frameworks */,
				7F0611B12F2E352300EE1B87 /* ManagedSettingsUI.framework in Frameworks */,
			);
			runOnlyForDeploymentPostprocessing = 0;
		};
		7F0611C02F2E355300EE1B87 /* Frameworks */ = {
			isa = PBXFrameworksBuildPhase;
			buildActionMask = 2147483647;
			files = (
				7F0611C42F2E355300EE1B87 /* ManagedSettings.framework in Frameworks */,
			);
			runOnlyForDeploymentPostprocessing = 0;
		};
		7F06123B2F2F4B3E00EE1B87 /* Frameworks */ = {
			isa = PBXFrameworksBuildPhase;
			buildActionMask = 2147483647;
			files = (
				7F0612402F2F4B3E00EE1B87 /* DeviceActivity.framework in Frameworks */,
			);
			runOnlyForDeploymentPostprocessing = 0;
		};
		7F7A2D0B3004EF2B00D7E91F /* Frameworks */ = {
			isa = PBXFrameworksBuildPhase;
			buildActionMask = 2147483647;
			files = (
			);
			runOnlyForDeploymentPostprocessing = 0;
		};
		7FC0525A2FB7501F00723E30 /* Frameworks */ = {
			isa = PBXFrameworksBuildPhase;
			buildActionMask = 2147483647;
			files = (
				7FC052612FB7501F00723E30 /* SwiftUI.framework in Frameworks */,
				7FC0525F2FB7501F00723E30 /* WidgetKit.framework in Frameworks */,
			);
			runOnlyForDeploymentPostprocessing = 0;
		};
/* End PBXFrameworksBuildPhase section */

/* Begin PBXGroup section */
		7F06115F2F2E29F600EE1B87 = {
			isa = PBXGroup;
			children = (
				7FC052732FB750B800723E30 /* AreteWidgetExtension.entitlements */,
				7F06116A2F2E29F600EE1B87 /* AppBlocker */,
				7F0611B22F2E352300EE1B87 /* ShieldConfigurationExtension */,
				7F0611C52F2E355300EE1B87 /* ShieldActionExtension */,
				7F0612412F2F4B3E00EE1B87 /* DeviceActivityMonitorExtension */,
				7FC052622FB7501F00723E30 /* AreteWidget */,
				7F7A2D0F3004EF2B00D7E91F /* UsageReportExtension */,
				7F0611AD2F2E352300EE1B87 /* Frameworks */,
				7F0611692F2E29F600EE1B87 /* Products */,
			);
			sourceTree = "<group>";
		};
		7F0611692F2E29F600EE1B87 /* Products */ = {
			isa = PBXGroup;
			children = (
				7F0611682F2E29F600EE1B87 /* AppBlocker.app */,
				7F0611AC2F2E352300EE1B87 /* ShieldConfigurationExtension.appex */,
				7F0611C32F2E355300EE1B87 /* ShieldActionExtension.appex */,
				7F06123E2F2F4B3E00EE1B87 /* DeviceActivityMonitorExtension.appex */,
				7FC0525D2FB7501F00723E30 /* AreteWidgetExtension.appex */,
				7F7A2D0E3004EF2B00D7E91F /* UsageReportExtension.appex */,
			);
			name = Products;
			sourceTree = "<group>";
		};
		7F0611AD2F2E352300EE1B87 /* Frameworks */ = {
			isa = PBXGroup;
			children = (
				7F0611AE2F2E352300EE1B87 /* ManagedSettings.framework */,
				7F0611B02F2E352300EE1B87 /* ManagedSettingsUI.framework */,
				7F06123F2F2F4B3E00EE1B87 /* DeviceActivity.framework */,
				7FC0525E2FB7501F00723E30 /* WidgetKit.framework */,
				7FC052602FB7501F00723E30 /* SwiftUI.framework */,
			);
			name = Frameworks;
			sourceTree = "<group>";
		};
/* End PBXGroup section */

/* Begin PBXNativeTarget section */
		7F0611672F2E29F600EE1B87 /* AppBlocker */ = {
			isa = PBXNativeTarget;
			buildConfigurationList = 7F0611732F2E29F700EE1B87 /* Build configuration list for PBXNativeTarget "AppBlocker" */;
			buildPhases = (
				7F0611642F2E29F600EE1B87 /* Sources */,
				7F0611652F2E29F600EE1B87 /* Frameworks */,
				7F0611662F2E29F600EE1B87 /* Resources */,
				7F06124D2F2F572D00EE1B87 /* Embed App Extensions */,
				7F7A2D1F3004EF2B00D7E91F /* Embed ExtensionKit Extensions */,
			);
			buildRules = (
			);
			dependencies = (
				7F0611B82F2E352300EE1B87 /* PBXTargetDependency */,
				7F0611CB2F2E355300EE1B87 /* PBXTargetDependency */,
				7F0612472F2F4B3E00EE1B87 /* PBXTargetDependency */,
				7FC0526D2FB7502100723E30 /* PBXTargetDependency */,
				7F7A2D193004EF2B00D7E91F /* PBXTargetDependency */,
			);
			fileSystemSynchronizedGroups = (
				7F06116A2F2E29F600EE1B87 /* AppBlocker */,
			);
			name = AppBlocker;
			packageProductDependencies = (
				7F117E3F2F82368900DA3116 /* Supabase */,
				7F7A2FB0300B97A800D7E91F /* RevenueCat */,
				7FADAD0230130002000AD002 /* GoogleMobileAds */,
			);
			productName = AppBlocker;
			productReference = 7F0611682F2E29F600EE1B87 /* AppBlocker.app */;
			productType = "com.apple.product-type.application";
		};
		7F0611AB2F2E352300EE1B87 /* ShieldConfigurationExtension */ = {
			isa = PBXNativeTarget;
			buildConfigurationList = 7F0611BB2F2E352300EE1B87 /* Build configuration list for PBXNativeTarget "ShieldConfigurationExtension" */;
			buildPhases = (
				7F0611A82F2E352300EE1B87 /* Sources */,
				7F0611A92F2E352300EE1B87 /* Frameworks */,
				7F0611AA2F2E352300EE1B87 /* Resources */,
			);
			buildRules = (
			);
			dependencies = (
			);
			fileSystemSynchronizedGroups = (
				7F0611B22F2E352300EE1B87 /* ShieldConfigurationExtension */,
			);
			name = ShieldConfigurationExtension;
			packageProductDependencies = (
			);
			productName = ShieldConfigurationExtension;
			productReference = 7F0611AC2F2E352300EE1B87 /* ShieldConfigurationExtension.appex */;
			productType = "com.apple.product-type.app-extension";
		};
		7F0611C22F2E355300EE1B87 /* ShieldActionExtension */ = {
			isa = PBXNativeTarget;
			buildConfigurationList = 7F0611CE2F2E355300EE1B87 /* Build configuration list for PBXNativeTarget "ShieldActionExtension" */;
			buildPhases = (
				7F0611BF2F2E355300EE1B87 /* Sources */,
				7F0611C02F2E355300EE1B87 /* Frameworks */,
				7F0611C12F2E355300EE1B87 /* Resources */,
			);
			buildRules = (
			);
			dependencies = (
			);
			fileSystemSynchronizedGroups = (
				7F0611C52F2E355300EE1B87 /* ShieldActionExtension */,
			);
			name = ShieldActionExtension;
			packageProductDependencies = (
			);
			productName = ShieldActionExtension;
			productReference = 7F0611C32F2E355300EE1B87 /* ShieldActionExtension.appex */;
			productType = "com.apple.product-type.app-extension";
		};
		7F06123D2F2F4B3E00EE1B87 /* DeviceActivityMonitorExtension */ = {
			isa = PBXNativeTarget;
			buildConfigurationList = 7F06124A2F2F4B3E00EE1B87 /* Build configuration list for PBXNativeTarget "DeviceActivityMonitorExtension" */;
			buildPhases = (
				7F06123A2F2F4B3E00EE1B87 /* Sources */,
				7F06123B2F2F4B3E00EE1B87 /* Frameworks */,
				7F06123C2F2F4B3E00EE1B87 /* Resources */,
			);
			buildRules = (
			);
			dependencies = (
			);
			fileSystemSynchronizedGroups = (
				7F0612412F2F4B3E00EE1B87 /* DeviceActivityMonitorExtension */,
			);
			name = DeviceActivityMonitorExtension;
			packageProductDependencies = (
			);
			productName = DeviceActivityMonitorExtension;
			productReference = 7F06123E2F2F4B3E00EE1B87 /* DeviceActivityMonitorExtension.appex */;
			productType = "com.apple.product-type.app-extension";
		};
		7F7A2D0D3004EF2B00D7E91F /* UsageReportExtension */ = {
			isa = PBXNativeTarget;
			buildConfigurationList = 7F7A2D1B3004EF2B00D7E91F /* Build configuration list for PBXNativeTarget "UsageReportExtension" */;
			buildPhases = (
				7F7A2D0A3004EF2B00D7E91F /* Sources */,
				7F7A2D0B3004EF2B00D7E91F /* Frameworks */,
				7F7A2D0C3004EF2B00D7E91F /* Resources */,
			);
			buildRules = (
			);
			dependencies = (
			);
			fileSystemSynchronizedGroups = (
				7F7A2D0F3004EF2B00D7E91F /* UsageReportExtension */,
			);
			name = UsageReportExtension;
			packageProductDependencies = (
			);
			productName = UsageReportExtension;
			productReference = 7F7A2D0E3004EF2B00D7E91F /* UsageReportExtension.appex */;
			productType = "com.apple.product-type.extensionkit-extension";
		};
		7FC0525C2FB7501F00723E30 /* AreteWidgetExtension */ = {
			isa = PBXNativeTarget;
			buildConfigurationList = 7FC0526F2FB7502100723E30 /* Build configuration list for PBXNativeTarget "AreteWidgetExtension" */;
			buildPhases = (
				7FC052592FB7501F00723E30 /* Sources */,
				7FC0525A2FB7501F00723E30 /* Frameworks */,
				7FC0525B2FB7501F00723E30 /* Resources */,
			);
			buildRules = (
			);
			dependencies = (
			);
			fileSystemSynchronizedGroups = (
				7FC052622FB7501F00723E30 /* AreteWidget */,
			);
			name = AreteWidgetExtension;
			packageProductDependencies = (
			);
			productName = AreteWidgetExtension;
			productReference = 7FC0525D2FB7501F00723E30 /* AreteWidgetExtension.appex */;
			productType = "com.apple.product-type.app-extension";
		};
/* End PBXNativeTarget section */

/* Begin PBXProject section */
		7F0611602F2E29F600EE1B87 /* Project object */ = {
			isa = PBXProject;
			attributes = {
				BuildIndependentTargetsInParallel = 1;
				LastSwiftUpdateCheck = 2620;
				LastUpgradeCheck = 2620;
				TargetAttributes = {
					7F0611672F2E29F600EE1B87 = {
						CreatedOnToolsVersion = 26.2;
					};
					7F0611AB2F2E352300EE1B87 = {
						CreatedOnToolsVersion = 26.2;
					};
					7F0611C22F2E355300EE1B87 = {
						CreatedOnToolsVersion = 26.2;
					};
					7F06123D2F2F4B3E00EE1B87 = {
						CreatedOnToolsVersion = 26.2;
					};
					7F7A2D0D3004EF2B00D7E91F = {
						CreatedOnToolsVersion = 26.2;
					};
					7FC0525C2FB7501F00723E30 = {
						CreatedOnToolsVersion = 26.2;
					};
				};
			};
			buildConfigurationList = 7F0611632F2E29F600EE1B87 /* Build configuration list for PBXProject "AppBlocker" */;
			developmentRegion = en;
			hasScannedForEncodings = 0;
			knownRegions = (
				en,
				ja,
				Base,
			);
			mainGroup = 7F06115F2F2E29F600EE1B87;
			minimizedProjectReferenceProxies = 1;
			packageReferences = (
				7F117E3E2F82352400DA3116 /* XCRemoteSwiftPackageReference "supabase-swift" */,
				7F7A2FAE300B978300D7E91F /* XCRemoteSwiftPackageReference "purchases-ios-spm" */,
				7FADAD0130130001000AD001 /* XCRemoteSwiftPackageReference "swift-package-manager-google-mobile-ads" */,
			);
			preferredProjectObjectVersion = 77;
			productRefGroup = 7F0611692F2E29F600EE1B87 /* Products */;
			projectDirPath = "";
			projectRoot = "";
			targets = (
				7F0611672F2E29F600EE1B87 /* AppBlocker */,
				7F0611AB2F2E352300EE1B87 /* ShieldConfigurationExtension */,
				7F0611C22F2E355300EE1B87 /* ShieldActionExtension */,
				7F06123D2F2F4B3E00EE1B87 /* DeviceActivityMonitorExtension */,
				7FC0525C2FB7501F00723E30 /* AreteWidgetExtension */,
				7F7A2D0D3004EF2B00D7E91F /* UsageReportExtension */,
			);
		};
/* End PBXProject section */

/* Begin PBXResourcesBuildPhase section */
		7F0611662F2E29F600EE1B87 /* Resources */ = {
			isa = PBXResourcesBuildPhase;
			buildActionMask = 2147483647;
			files = (
			);
			runOnlyForDeploymentPostprocessing = 0;
		};
		7F0611AA2F2E352300EE1B87 /* Resources */ = {
			isa = PBXResourcesBuildPhase;
			buildActionMask = 2147483647;
			files = (
			);
			runOnlyForDeploymentPostprocessing = 0;
		};
		7F0611C12F2E355300EE1B87 /* Resources */ = {
			isa = PBXResourcesBuildPhase;
			buildActionMask = 2147483647;
			files = (
			);
			runOnlyForDeploymentPostprocessing = 0;
		};
		7F06123C2F2F4B3E00EE1B87 /* Resources */ = {
			isa = PBXResourcesBuildPhase;
			buildActionMask = 2147483647;
			files = (
			);
			runOnlyForDeploymentPostprocessing = 0;
		};
		7F7A2D0C3004EF2B00D7E91F /* Resources */ = {
			isa = PBXResourcesBuildPhase;
			buildActionMask = 2147483647;
			files = (
			);
			runOnlyForDeploymentPostprocessing = 0;
		};
		7FC0525B2FB7501F00723E30 /* Resources */ = {
			isa = PBXResourcesBuildPhase;
			buildActionMask = 2147483647;
			files = (
			);
			runOnlyForDeploymentPostprocessing = 0;
		};
/* End PBXResourcesBuildPhase section */

/* Begin PBXSourcesBuildPhase section */
		7F0611642F2E29F600EE1B87 /* Sources */ = {
			isa = PBXSourcesBuildPhase;
			buildActionMask = 2147483647;
			files = (
			);
			runOnlyForDeploymentPostprocessing = 0;
		};
		7F0611A82F2E352300EE1B87 /* Sources */ = {
			isa = PBXSourcesBuildPhase;
			buildActionMask = 2147483647;
			files = (
			);
			runOnlyForDeploymentPostprocessing = 0;
		};
		7F0611BF2F2E355300EE1B87 /* Sources */ = {
			isa = PBXSourcesBuildPhase;
			buildActionMask = 2147483647;
			files = (
			);
			runOnlyForDeploymentPostprocessing = 0;
		};
		7F06123A2F2F4B3E00EE1B87 /* Sources */ = {
			isa = PBXSourcesBuildPhase;
			buildActionMask = 2147483647;
			files = (
			);
			runOnlyForDeploymentPostprocessing = 0;
		};
		7F7A2D0A3004EF2B00D7E91F /* Sources */ = {
			isa = PBXSourcesBuildPhase;
			buildActionMask = 2147483647;
			files = (
			);
			runOnlyForDeploymentPostprocessing = 0;
		};
		7FC052592FB7501F00723E30 /* Sources */ = {
			isa = PBXSourcesBuildPhase;
			buildActionMask = 2147483647;
			files = (
			);
			runOnlyForDeploymentPostprocessing = 0;
		};
/* End PBXSourcesBuildPhase section */

/* Begin PBXTargetDependency section */
		7F0611B82F2E352300EE1B87 /* PBXTargetDependency */ = {
			isa = PBXTargetDependency;
			target = 7F0611AB2F2E352300EE1B87 /* ShieldConfigurationExtension */;
			targetProxy = 7F0611B72F2E352300EE1B87 /* PBXContainerItemProxy */;
		};
		7F0611CB2F2E355300EE1B87 /* PBXTargetDependency */ = {
			isa = PBXTargetDependency;
			target = 7F0611C22F2E355300EE1B87 /* ShieldActionExtension */;
			targetProxy = 7F0611CA2F2E355300EE1B87 /* PBXContainerItemProxy */;
		};
		7F0612472F2F4B3E00EE1B87 /* PBXTargetDependency */ = {
			isa = PBXTargetDependency;
			target = 7F06123D2F2F4B3E00EE1B87 /* DeviceActivityMonitorExtension */;
			targetProxy = 7F0612462F2F4B3E00EE1B87 /* PBXContainerItemProxy */;
		};
		7F7A2D193004EF2B00D7E91F /* PBXTargetDependency */ = {
			isa = PBXTargetDependency;
			target = 7F7A2D0D3004EF2B00D7E91F /* UsageReportExtension */;
			targetProxy = 7F7A2D183004EF2B00D7E91F /* PBXContainerItemProxy */;
		};
		7FC0526D2FB7502100723E30 /* PBXTargetDependency */ = {
			isa = PBXTargetDependency;
			target = 7FC0525C2FB7501F00723E30 /* AreteWidgetExtension */;
			targetProxy = 7FC0526C2FB7502100723E30 /* PBXContainerItemProxy */;
		};
/* End PBXTargetDependency section */

/* Begin XCBuildConfiguration section */
		7F0611712F2E29F700EE1B87 /* Debug */ = {
			isa = XCBuildConfiguration;
			buildSettings = {
				ALWAYS_SEARCH_USER_PATHS = NO;
				ASSETCATALOG_COMPILER_GENERATE_SWIFT_ASSET_SYMBOL_EXTENSIONS = YES;
				CLANG_ANALYZER_NONNULL = YES;
				CLANG_ANALYZER_NUMBER_OBJECT_CONVERSION = YES_AGGRESSIVE;
				CLANG_CXX_LANGUAGE_STANDARD = "gnu++20";
				CLANG_ENABLE_MODULES = YES;
				CLANG_ENABLE_OBJC_ARC = YES;
				CLANG_ENABLE_OBJC_WEAK = YES;
				CLANG_WARN_BLOCK_CAPTURE_AUTORELEASING = YES;
				CLANG_WARN_BOOL_CONVERSION = YES;
				CLANG_WARN_COMMA = YES;
				CLANG_WARN_CONSTANT_CONVERSION = YES;
				CLANG_WARN_DEPRECATED_OBJC_IMPLEMENTATIONS = YES;
				CLANG_WARN_DIRECT_OBJC_ISA_USAGE = YES_ERROR;
				CLANG_WARN_DOCUMENTATION_COMMENTS = YES;
				CLANG_WARN_EMPTY_BODY = YES;
				CLANG_WARN_ENUM_CONVERSION = YES;
				CLANG_WARN_INFINITE_RECURSION = YES;
				CLANG_WARN_INT_CONVERSION = YES;
				CLANG_WARN_NON_LITERAL_NULL_CONVERSION = YES;
				CLANG_WARN_OBJC_IMPLICIT_RETAIN_SELF = YES;
				CLANG_WARN_OBJC_LITERAL_CONVERSION = YES;
				CLANG_WARN_OBJC_ROOT_CLASS = YES_ERROR;
				CLANG_WARN_QUOTED_INCLUDE_IN_FRAMEWORK_HEADER = YES;
				CLANG_WARN_RANGE_LOOP_ANALYSIS = YES;
				CLANG_WARN_STRICT_PROTOTYPES = YES;
				CLANG_WARN_SUSPICIOUS_MOVE = YES;
				CLANG_WARN_UNGUARDED_AVAILABILITY = YES_AGGRESSIVE;
				CLANG_WARN_UNREACHABLE_CODE = YES;
				CLANG_WARN__DUPLICATE_METHOD_MATCH = YES;
				COPY_PHASE_STRIP = NO;
				DEBUG_INFORMATION_FORMAT = dwarf;
				ENABLE_STRICT_OBJC_MSGSEND = YES;
				ENABLE_TESTABILITY = YES;
				ENABLE_USER_SCRIPT_SANDBOXING = YES;
				GCC_C_LANGUAGE_STANDARD = gnu17;
				GCC_DYNAMIC_NO_PIC = NO;
				GCC_NO_COMMON_BLOCKS = YES;
				GCC_OPTIMIZATION_LEVEL = 0;
				GCC_PREPROCESSOR_DEFINITIONS = (
					"DEBUG=1",
					"$(inherited)",
				);
				GCC_WARN_64_TO_32_BIT_CONVERSION = YES;
				GCC_WARN_ABOUT_RETURN_TYPE = YES_ERROR;
				GCC_WARN_UNDECLARED_SELECTOR = YES;
				GCC_WARN_UNINITIALIZED_AUTOS = YES_AGGRESSIVE;
				GCC_WARN_UNUSED_FUNCTION = YES;
				GCC_WARN_UNUSED_VARIABLE = YES;
				LOCALIZATION_PREFERS_STRING_CATALOGS = YES;
				MTL_ENABLE_DEBUG_INFO = INCLUDE_SOURCE;
				MTL_FAST_MATH = YES;
				ONLY_ACTIVE_ARCH = YES;
				SWIFT_ACTIVE_COMPILATION_CONDITIONS = "DEBUG $(inherited)";
				SWIFT_OPTIMIZATION_LEVEL = "-Onone";
			};
			name = Debug;
		};
		7F0611722F2E29F700EE1B87 /* Release */ = {
			isa = XCBuildConfiguration;
			buildSettings = {
				ALWAYS_SEARCH_USER_PATHS = NO;
				ASSETCATALOG_COMPILER_GENERATE_SWIFT_ASSET_SYMBOL_EXTENSIONS = YES;
				CLANG_ANALYZER_NONNULL = YES;
				CLANG_ANALYZER_NUMBER_OBJECT_CONVERSION = YES_AGGRESSIVE;
				CLANG_CXX_LANGUAGE_STANDARD = "gnu++20";
				CLANG_ENABLE_MODULES = YES;
				CLANG_ENABLE_OBJC_ARC = YES;
				CLANG_ENABLE_OBJC_WEAK = YES;
				CLANG_WARN_BLOCK_CAPTURE_AUTORELEASING = YES;
				CLANG_WARN_BOOL_CONVERSION = YES;
				CLANG_WARN_COMMA = YES;
				CLANG_WARN_CONSTANT_CONVERSION = YES;
				CLANG_WARN_DEPRECATED_OBJC_IMPLEMENTATIONS = YES;
				CLANG_WARN_DIRECT_OBJC_ISA_USAGE = YES_ERROR;
				CLANG_WARN_DOCUMENTATION_COMMENTS = YES;
				CLANG_WARN_EMPTY_BODY = YES;
				CLANG_WARN_ENUM_CONVERSION = YES;
				CLANG_WARN_INFINITE_RECURSION = YES;
				CLANG_WARN_INT_CONVERSION = YES;
				CLANG_WARN_NON_LITERAL_NULL_CONVERSION = YES;
				CLANG_WARN_OBJC_IMPLICIT_RETAIN_SELF = YES;
				CLANG_WARN_OBJC_LITERAL_CONVERSION = YES;
				CLANG_WARN_OBJC_ROOT_CLASS = YES_ERROR;
				CLANG_WARN_QUOTED_INCLUDE_IN_FRAMEWORK_HEADER = YES;
				CLANG_WARN_RANGE_LOOP_ANALYSIS = YES;
				CLANG_WARN_STRICT_PROTOTYPES = YES;
				CLANG_WARN_SUSPICIOUS_MOVE = YES;
				CLANG_WARN_UNGUARDED_AVAILABILITY = YES_AGGRESSIVE;
				CLANG_WARN_UNREACHABLE_CODE = YES;
				CLANG_WARN__DUPLICATE_METHOD_MATCH = YES;
				COPY_PHASE_STRIP = NO;
				DEBUG_INFORMATION_FORMAT = "dwarf-with-dsym";
				ENABLE_NS_ASSERTIONS = NO;
				ENABLE_STRICT_OBJC_MSGSEND = YES;
				ENABLE_USER_SCRIPT_SANDBOXING = YES;
				GCC_C_LANGUAGE_STANDARD = gnu17;
				GCC_NO_COMMON_BLOCKS = YES;
				GCC_WARN_64_TO_32_BIT_CONVERSION = YES;
				GCC_WARN_ABOUT_RETURN_TYPE = YES_ERROR;
				GCC_WARN_UNDECLARED_SELECTOR = YES;
				GCC_WARN_UNINITIALIZED_AUTOS = YES_AGGRESSIVE;
				GCC_WARN_UNUSED_FUNCTION = YES;
				GCC_WARN_UNUSED_VARIABLE = YES;
				LOCALIZATION_PREFERS_STRING_CATALOGS = YES;
				MTL_ENABLE_DEBUG_INFO = NO;
				MTL_FAST_MATH = YES;
				SWIFT_COMPILATION_MODE = wholemodule;
			};
			name = Release;
		};
		7F0611742F2E29F700EE1B87 /* Debug */ = {
			isa = XCBuildConfiguration;
			buildSettings = {
				ASSETCATALOG_COMPILER_ALTERNATE_APPICON_NAMES = "AppIconLion AppIconWhite AppIconHuman AppIconCobra AppIconGoat AppIconDoberman AppIconWordmark AppIconWordmarkWhite";
				ASSETCATALOG_COMPILER_APPICON_NAME = AppIcon;
				ASSETCATALOG_COMPILER_GLOBAL_ACCENT_COLOR_NAME = AccentColor;
				CODE_SIGN_ENTITLEMENTS = AppBlocker/AppBlocker.entitlements;
				CODE_SIGN_STYLE = Automatic;
				CURRENT_PROJECT_VERSION = 13;
				DEVELOPMENT_TEAM = 975VS4NHMJ;
				ENABLE_APP_SANDBOX = YES;
				ENABLE_PREVIEWS = YES;
				ENABLE_USER_SELECTED_FILES = readonly;
				GENERATE_INFOPLIST_FILE = YES;
				INFOPLIST_FILE = AppBlocker/Info.plist;
				"INFOPLIST_KEY_UIApplicationSceneManifest_Generation[sdk=iphoneos*]" = YES;
				"INFOPLIST_KEY_UIApplicationSceneManifest_Generation[sdk=iphonesimulator*]" = YES;
				"INFOPLIST_KEY_UIApplicationSupportsIndirectInputEvents[sdk=iphoneos*]" = YES;
				"INFOPLIST_KEY_UIApplicationSupportsIndirectInputEvents[sdk=iphonesimulator*]" = YES;
				INFOPLIST_KEY_UILaunchScreen_BackgroundColor = LaunchBackground;
				"INFOPLIST_KEY_UILaunchScreen_Generation[sdk=iphoneos*]" = YES;
				"INFOPLIST_KEY_UILaunchScreen_Generation[sdk=iphonesimulator*]" = YES;
				"INFOPLIST_KEY_UIStatusBarStyle[sdk=iphoneos*]" = UIStatusBarStyleDefault;
				"INFOPLIST_KEY_UIStatusBarStyle[sdk=iphonesimulator*]" = UIStatusBarStyleDefault;
				INFOPLIST_KEY_UISupportedInterfaceOrientations_iPad = "UIInterfaceOrientationPortrait UIInterfaceOrientationPortraitUpsideDown UIInterfaceOrientationLandscapeLeft UIInterfaceOrientationLandscapeRight";
				INFOPLIST_KEY_UISupportedInterfaceOrientations_iPhone = UIInterfaceOrientationPortrait;
				IPHONEOS_DEPLOYMENT_TARGET = 18.6;
				LD_RUNPATH_SEARCH_PATHS = "@executable_path/Frameworks";
				"LD_RUNPATH_SEARCH_PATHS[sdk=macosx*]" = "@executable_path/../Frameworks";
				MACOSX_DEPLOYMENT_TARGET = 26.2;
				MARKETING_VERSION = 1.0.4;
				PRODUCT_BUNDLE_IDENTIFIER = com.jeimii.AppBlocker;
				PRODUCT_NAME = "$(TARGET_NAME)";
				REGISTER_APP_GROUPS = YES;
				SDKROOT = auto;
				STRING_CATALOG_GENERATE_SYMBOLS = YES;
				SUPPORTED_PLATFORMS = "iphoneos iphonesimulator";
				SWIFT_APPROACHABLE_CONCURRENCY = YES;
				SWIFT_DEFAULT_ACTOR_ISOLATION = MainActor;
				SWIFT_EMIT_LOC_STRINGS = YES;
				SWIFT_UPCOMING_FEATURE_MEMBER_IMPORT_VISIBILITY = YES;
				SWIFT_VERSION = 5.0;
				TARGETED_DEVICE_FAMILY = 1;
				XROS_DEPLOYMENT_TARGET = 26.2;
			};
			name = Debug;
		};
		7F0611752F2E29F700EE1B87 /* Release */ = {
			isa = XCBuildConfiguration;
			buildSettings = {
				ASSETCATALOG_COMPILER_ALTERNATE_APPICON_NAMES = "AppIconLion AppIconWhite AppIconHuman AppIconCobra AppIconGoat AppIconDoberman AppIconWordmark AppIconWordmarkWhite";
				ASSETCATALOG_COMPILER_APPICON_NAME = AppIcon;
				ASSETCATALOG_COMPILER_GLOBAL_ACCENT_COLOR_NAME = AccentColor;
				CODE_SIGN_ENTITLEMENTS = AppBlocker/AppBlocker.entitlements;
				CODE_SIGN_STYLE = Automatic;
				CURRENT_PROJECT_VERSION = 13;
				DEVELOPMENT_TEAM = 975VS4NHMJ;
				ENABLE_APP_SANDBOX = YES;
				ENABLE_PREVIEWS = YES;
				ENABLE_USER_SELECTED_FILES = readonly;
				GENERATE_INFOPLIST_FILE = YES;
				INFOPLIST_FILE = AppBlocker/Info.plist;
				"INFOPLIST_KEY_UIApplicationSceneManifest_Generation[sdk=iphoneos*]" = YES;
				"INFOPLIST_KEY_UIApplicationSceneManifest_Generation[sdk=iphonesimulator*]" = YES;
				"INFOPLIST_KEY_UIApplicationSupportsIndirectInputEvents[sdk=iphoneos*]" = YES;
				"INFOPLIST_KEY_UIApplicationSupportsIndirectInputEvents[sdk=iphonesimulator*]" = YES;
				INFOPLIST_KEY_UILaunchScreen_BackgroundColor = LaunchBackground;
				"INFOPLIST_KEY_UILaunchScreen_Generation[sdk=iphoneos*]" = YES;
				"INFOPLIST_KEY_UILaunchScreen_Generation[sdk=iphonesimulator*]" = YES;
				"INFOPLIST_KEY_UIStatusBarStyle[sdk=iphoneos*]" = UIStatusBarStyleDefault;
				"INFOPLIST_KEY_UIStatusBarStyle[sdk=iphonesimulator*]" = UIStatusBarStyleDefault;
				INFOPLIST_KEY_UISupportedInterfaceOrientations_iPad = "UIInterfaceOrientationPortrait UIInterfaceOrientationPortraitUpsideDown UIInterfaceOrientationLandscapeLeft UIInterfaceOrientationLandscapeRight";
				INFOPLIST_KEY_UISupportedInterfaceOrientations_iPhone = UIInterfaceOrientationPortrait;
				IPHONEOS_DEPLOYMENT_TARGET = 18.6;
				LD_RUNPATH_SEARCH_PATHS = "@executable_path/Frameworks";
				"LD_RUNPATH_SEARCH_PATHS[sdk=macosx*]" = "@executable_path/../Frameworks";
				MACOSX_DEPLOYMENT_TARGET = 26.2;
				MARKETING_VERSION = 1.0.4;
				PRODUCT_BUNDLE_IDENTIFIER = com.jeimii.AppBlocker;
				PRODUCT_NAME = "$(TARGET_NAME)";
				REGISTER_APP_GROUPS = YES;
				SDKROOT = auto;
				STRING_CATALOG_GENERATE_SYMBOLS = YES;
				SUPPORTED_PLATFORMS = "iphoneos iphonesimulator";
				SWIFT_APPROACHABLE_CONCURRENCY = YES;
				SWIFT_DEFAULT_ACTOR_ISOLATION = MainActor;
				SWIFT_EMIT_LOC_STRINGS = YES;
				SWIFT_UPCOMING_FEATURE_MEMBER_IMPORT_VISIBILITY = YES;
				SWIFT_VERSION = 5.0;
				TARGETED_DEVICE_FAMILY = 1;
				XROS_DEPLOYMENT_TARGET = 26.2;
			};
			name = Release;
		};
		7F0611BC2F2E352300EE1B87 /* Debug */ = {
			isa = XCBuildConfiguration;
			buildSettings = {
				CODE_SIGN_ENTITLEMENTS = ShieldConfigurationExtension/ShieldConfigurationExtension.entitlements;
				CODE_SIGN_STYLE = Automatic;
				CURRENT_PROJECT_VERSION = 13;
				DEVELOPMENT_TEAM = 975VS4NHMJ;
				ENABLE_PREVIEWS = NO;
				GENERATE_INFOPLIST_FILE = YES;
				INFOPLIST_FILE = ShieldConfigurationExtension/Info.plist;
				INFOPLIST_KEY_CFBundleDisplayName = ShieldConfigurationExtension;
				INFOPLIST_KEY_NSHumanReadableCopyright = "";
				IPHONEOS_DEPLOYMENT_TARGET = 18.6;
				LD_RUNPATH_SEARCH_PATHS = (
					"$(inherited)",
					"@executable_path/Frameworks",
					"@executable_path/../../Frameworks",
				);
				MARKETING_VERSION = 1.0.4;
				PRODUCT_BUNDLE_IDENTIFIER = com.jeimii.AppBlocker.ShieldConfigurationExtension;
				PRODUCT_NAME = "$(TARGET_NAME)";
				SDKROOT = iphoneos;
				SKIP_INSTALL = YES;
				STRING_CATALOG_GENERATE_SYMBOLS = YES;
				SWIFT_APPROACHABLE_CONCURRENCY = YES;
				SWIFT_EMIT_LOC_STRINGS = YES;
				SWIFT_UPCOMING_FEATURE_MEMBER_IMPORT_VISIBILITY = YES;
				SWIFT_VERSION = 5.0;
				TARGETED_DEVICE_FAMILY = 1;
			};
			name = Debug;
		};
		7F0611BD2F2E352300EE1B87 /* Release */ = {
			isa = XCBuildConfiguration;
			buildSettings = {
				CODE_SIGN_ENTITLEMENTS = ShieldConfigurationExtension/ShieldConfigurationExtension.entitlements;
				CODE_SIGN_STYLE = Automatic;
				CURRENT_PROJECT_VERSION = 13;
				DEVELOPMENT_TEAM = 975VS4NHMJ;
				ENABLE_PREVIEWS = NO;
				GENERATE_INFOPLIST_FILE = YES;
				INFOPLIST_FILE = ShieldConfigurationExtension/Info.plist;
				INFOPLIST_KEY_CFBundleDisplayName = ShieldConfigurationExtension;
				INFOPLIST_KEY_NSHumanReadableCopyright = "";
				IPHONEOS_DEPLOYMENT_TARGET = 18.6;
				LD_RUNPATH_SEARCH_PATHS = (
					"$(inherited)",
					"@executable_path/Frameworks",
					"@executable_path/../../Frameworks",
				);
				MARKETING_VERSION = 1.0.4;
				PRODUCT_BUNDLE_IDENTIFIER = com.jeimii.AppBlocker.ShieldConfigurationExtension;
				PRODUCT_NAME = "$(TARGET_NAME)";
				SDKROOT = iphoneos;
				SKIP_INSTALL = YES;
				STRING_CATALOG_GENERATE_SYMBOLS = YES;
				SWIFT_APPROACHABLE_CONCURRENCY = YES;
				SWIFT_EMIT_LOC_STRINGS = YES;
				SWIFT_UPCOMING_FEATURE_MEMBER_IMPORT_VISIBILITY = YES;
				SWIFT_VERSION = 5.0;
				TARGETED_DEVICE_FAMILY = 1;
				VALIDATE_PRODUCT = YES;
			};
			name = Release;
		};
		7F0611CF2F2E355300EE1B87 /* Debug */ = {
			isa = XCBuildConfiguration;
			buildSettings = {
				CODE_SIGN_ENTITLEMENTS = ShieldActionExtension/ShieldActionExtension.entitlements;
				CODE_SIGN_STYLE = Automatic;
				CURRENT_PROJECT_VERSION = 13;
				DEVELOPMENT_TEAM = 975VS4NHMJ;
				ENABLE_PREVIEWS = NO;
				GENERATE_INFOPLIST_FILE = YES;
				INFOPLIST_FILE = ShieldActionExtension/Info.plist;
				INFOPLIST_KEY_CFBundleDisplayName = ShieldActionExtension;
				INFOPLIST_KEY_NSHumanReadableCopyright = "";
				IPHONEOS_DEPLOYMENT_TARGET = 18.6;
				LD_RUNPATH_SEARCH_PATHS = (
					"$(inherited)",
					"@executable_path/Frameworks",
					"@executable_path/../../Frameworks",
				);
				MARKETING_VERSION = 1.0.4;
				PRODUCT_BUNDLE_IDENTIFIER = com.jeimii.AppBlocker.ShieldActionExtension;
				PRODUCT_NAME = "$(TARGET_NAME)";
				SDKROOT = iphoneos;
				SKIP_INSTALL = YES;
				STRING_CATALOG_GENERATE_SYMBOLS = YES;
				SWIFT_APPROACHABLE_CONCURRENCY = YES;
				SWIFT_EMIT_LOC_STRINGS = YES;
				SWIFT_UPCOMING_FEATURE_MEMBER_IMPORT_VISIBILITY = YES;
				SWIFT_VERSION = 5.0;
				TARGETED_DEVICE_FAMILY = 1;
			};
			name = Debug;
		};
		7F0611D02F2E355300EE1B87 /* Release */ = {
			isa = XCBuildConfiguration;
			buildSettings = {
				CODE_SIGN_ENTITLEMENTS = ShieldActionExtension/ShieldActionExtension.entitlements;
				CODE_SIGN_STYLE = Automatic;
				CURRENT_PROJECT_VERSION = 13;
				DEVELOPMENT_TEAM = 975VS4NHMJ;
				ENABLE_PREVIEWS = NO;
				GENERATE_INFOPLIST_FILE = YES;
				INFOPLIST_FILE = ShieldActionExtension/Info.plist;
				INFOPLIST_KEY_CFBundleDisplayName = ShieldActionExtension;
				INFOPLIST_KEY_NSHumanReadableCopyright = "";
				IPHONEOS_DEPLOYMENT_TARGET = 18.6;
				LD_RUNPATH_SEARCH_PATHS = (
					"$(inherited)",
					"@executable_path/Frameworks",
					"@executable_path/../../Frameworks",
				);
				MARKETING_VERSION = 1.0.4;
				PRODUCT_BUNDLE_IDENTIFIER = com.jeimii.AppBlocker.ShieldActionExtension;
				PRODUCT_NAME = "$(TARGET_NAME)";
				SDKROOT = iphoneos;
				SKIP_INSTALL = YES;
				STRING_CATALOG_GENERATE_SYMBOLS = YES;
				SWIFT_APPROACHABLE_CONCURRENCY = YES;
				SWIFT_EMIT_LOC_STRINGS = YES;
				SWIFT_UPCOMING_FEATURE_MEMBER_IMPORT_VISIBILITY = YES;
				SWIFT_VERSION = 5.0;
				TARGETED_DEVICE_FAMILY = 1;
				VALIDATE_PRODUCT = YES;
			};
			name = Release;
		};
		7F06124B2F2F4B3E00EE1B87 /* Debug */ = {
			isa = XCBuildConfiguration;
			buildSettings = {
				CODE_SIGN_ENTITLEMENTS = DeviceActivityMonitorExtension/DeviceActivityMonitorExtension.entitlements;
				CODE_SIGN_STYLE = Automatic;
				CURRENT_PROJECT_VERSION = 13;
				DEVELOPMENT_TEAM = 975VS4NHMJ;
				ENABLE_PREVIEWS = NO;
				GENERATE_INFOPLIST_FILE = YES;
				INFOPLIST_FILE = DeviceActivityMonitorExtension/Info.plist;
				INFOPLIST_KEY_CFBundleDisplayName = DeviceActivityMonitorExtension;
				INFOPLIST_KEY_NSHumanReadableCopyright = "";
				IPHONEOS_DEPLOYMENT_TARGET = 18.6;
				LD_RUNPATH_SEARCH_PATHS = (
					"$(inherited)",
					"@executable_path/Frameworks",
					"@executable_path/../../Frameworks",
				);
				MARKETING_VERSION = 1.0.4;
				PRODUCT_BUNDLE_IDENTIFIER = com.jeimii.AppBlocker.DeviceActivityMonitorExtension;
				PRODUCT_NAME = "$(TARGET_NAME)";
				SDKROOT = iphoneos;
				SKIP_INSTALL = YES;
				STRING_CATALOG_GENERATE_SYMBOLS = YES;
				SWIFT_APPROACHABLE_CONCURRENCY = YES;
				SWIFT_EMIT_LOC_STRINGS = YES;
				SWIFT_UPCOMING_FEATURE_MEMBER_IMPORT_VISIBILITY = YES;
				SWIFT_VERSION = 5.0;
				TARGETED_DEVICE_FAMILY = 1;
			};
			name = Debug;
		};
		7F06124C2F2F4B3E00EE1B87 /* Release */ = {
			isa = XCBuildConfiguration;
			buildSettings = {
				CODE_SIGN_ENTITLEMENTS = DeviceActivityMonitorExtension/DeviceActivityMonitorExtension.entitlements;
				CODE_SIGN_STYLE = Automatic;
				CURRENT_PROJECT_VERSION = 13;
				DEVELOPMENT_TEAM = 975VS4NHMJ;
				ENABLE_PREVIEWS = NO;
				GENERATE_INFOPLIST_FILE = YES;
				INFOPLIST_FILE = DeviceActivityMonitorExtension/Info.plist;
				INFOPLIST_KEY_CFBundleDisplayName = DeviceActivityMonitorExtension;
				INFOPLIST_KEY_NSHumanReadableCopyright = "";
				IPHONEOS_DEPLOYMENT_TARGET = 18.6;
				LD_RUNPATH_SEARCH_PATHS = (
					"$(inherited)",
					"@executable_path/Frameworks",
					"@executable_path/../../Frameworks",
				);
				MARKETING_VERSION = 1.0.4;
				PRODUCT_BUNDLE_IDENTIFIER = com.jeimii.AppBlocker.DeviceActivityMonitorExtension;
				PRODUCT_NAME = "$(TARGET_NAME)";
				SDKROOT = iphoneos;
				SKIP_INSTALL = YES;
				STRING_CATALOG_GENERATE_SYMBOLS = YES;
				SWIFT_APPROACHABLE_CONCURRENCY = YES;
				SWIFT_EMIT_LOC_STRINGS = YES;
				SWIFT_UPCOMING_FEATURE_MEMBER_IMPORT_VISIBILITY = YES;
				SWIFT_VERSION = 5.0;
				TARGETED_DEVICE_FAMILY = 1;
				VALIDATE_PRODUCT = YES;
			};
			name = Release;
		};
		7F7A2D1C3004EF2B00D7E91F /* Debug */ = {
			isa = XCBuildConfiguration;
			buildSettings = {
				CODE_SIGN_ENTITLEMENTS = UsageReportExtension/UsageReportExtension.entitlements;
				CODE_SIGN_STYLE = Automatic;
				CURRENT_PROJECT_VERSION = 13;
				DEVELOPMENT_TEAM = 975VS4NHMJ;
				GENERATE_INFOPLIST_FILE = YES;
				INFOPLIST_FILE = UsageReportExtension/Info.plist;
				INFOPLIST_KEY_CFBundleDisplayName = UsageReportExtension;
				INFOPLIST_KEY_NSHumanReadableCopyright = "";
				IPHONEOS_DEPLOYMENT_TARGET = 26.2;
				LD_RUNPATH_SEARCH_PATHS = (
					"$(inherited)",
					"@executable_path/Frameworks",
					"@executable_path/../../Frameworks",
				);
				MARKETING_VERSION = 1.0.4;
				PRODUCT_BUNDLE_IDENTIFIER = com.jeimii.AppBlocker.UsageReportExtension;
				PRODUCT_NAME = "$(TARGET_NAME)";
				SDKROOT = iphoneos;
				SKIP_INSTALL = YES;
				STRING_CATALOG_GENERATE_SYMBOLS = YES;
				SWIFT_APPROACHABLE_CONCURRENCY = YES;
				SWIFT_EMIT_LOC_STRINGS = YES;
				SWIFT_UPCOMING_FEATURE_MEMBER_IMPORT_VISIBILITY = YES;
				SWIFT_VERSION = 5.0;
				TARGETED_DEVICE_FAMILY = 1;
			};
			name = Debug;
		};
		7F7A2D1D3004EF2B00D7E91F /* Release */ = {
			isa = XCBuildConfiguration;
			buildSettings = {
				CODE_SIGN_ENTITLEMENTS = UsageReportExtension/UsageReportExtension.entitlements;
				CODE_SIGN_STYLE = Automatic;
				CURRENT_PROJECT_VERSION = 13;
				DEVELOPMENT_TEAM = 975VS4NHMJ;
				GENERATE_INFOPLIST_FILE = YES;
				INFOPLIST_FILE = UsageReportExtension/Info.plist;
				INFOPLIST_KEY_CFBundleDisplayName = UsageReportExtension;
				INFOPLIST_KEY_NSHumanReadableCopyright = "";
				IPHONEOS_DEPLOYMENT_TARGET = 26.2;
				LD_RUNPATH_SEARCH_PATHS = (
					"$(inherited)",
					"@executable_path/Frameworks",
					"@executable_path/../../Frameworks",
				);
				MARKETING_VERSION = 1.0.4;
				PRODUCT_BUNDLE_IDENTIFIER = com.jeimii.AppBlocker.UsageReportExtension;
				PRODUCT_NAME = "$(TARGET_NAME)";
				SDKROOT = iphoneos;
				SKIP_INSTALL = YES;
				STRING_CATALOG_GENERATE_SYMBOLS = YES;
				SWIFT_APPROACHABLE_CONCURRENCY = YES;
				SWIFT_EMIT_LOC_STRINGS = YES;
				SWIFT_UPCOMING_FEATURE_MEMBER_IMPORT_VISIBILITY = YES;
				SWIFT_VERSION = 5.0;
				TARGETED_DEVICE_FAMILY = 1;
				VALIDATE_PRODUCT = YES;
			};
			name = Release;
		};
		7FC052702FB7502100723E30 /* Debug */ = {
			isa = XCBuildConfiguration;
			buildSettings = {
				ASSETCATALOG_COMPILER_GLOBAL_ACCENT_COLOR_NAME = AccentColor;
				ASSETCATALOG_COMPILER_WIDGET_BACKGROUND_COLOR_NAME = WidgetBackground;
				CODE_SIGN_ENTITLEMENTS = AreteWidgetExtension.entitlements;
				CODE_SIGN_STYLE = Automatic;
				CURRENT_PROJECT_VERSION = 13;
				DEVELOPMENT_TEAM = 975VS4NHMJ;
				GENERATE_INFOPLIST_FILE = YES;
				INFOPLIST_FILE = AreteWidget/Info.plist;
				INFOPLIST_KEY_CFBundleDisplayName = "1%";
				INFOPLIST_KEY_NSHumanReadableCopyright = "";
				IPHONEOS_DEPLOYMENT_TARGET = 18.6;
				LD_RUNPATH_SEARCH_PATHS = (
					"$(inherited)",
					"@executable_path/Frameworks",
					"@executable_path/../../Frameworks",
				);
				MARKETING_VERSION = 1.0.4;
				PRODUCT_BUNDLE_IDENTIFIER = com.jeimii.AppBlocker.AreteWidget;
				PRODUCT_NAME = "$(TARGET_NAME)";
				SDKROOT = iphoneos;
				SKIP_INSTALL = YES;
				STRING_CATALOG_GENERATE_SYMBOLS = YES;
				SWIFT_APPROACHABLE_CONCURRENCY = YES;
				SWIFT_EMIT_LOC_STRINGS = YES;
				SWIFT_UPCOMING_FEATURE_MEMBER_IMPORT_VISIBILITY = YES;
				SWIFT_VERSION = 5.0;
				TARGETED_DEVICE_FAMILY = 1;
			};
			name = Debug;
		};
		7FC052712FB7502100723E30 /* Release */ = {
			isa = XCBuildConfiguration;
			buildSettings = {
				ASSETCATALOG_COMPILER_GLOBAL_ACCENT_COLOR_NAME = AccentColor;
				ASSETCATALOG_COMPILER_WIDGET_BACKGROUND_COLOR_NAME = WidgetBackground;
				CODE_SIGN_ENTITLEMENTS = AreteWidgetExtension.entitlements;
				CODE_SIGN_STYLE = Automatic;
				CURRENT_PROJECT_VERSION = 13;
				DEVELOPMENT_TEAM = 975VS4NHMJ;
				GENERATE_INFOPLIST_FILE = YES;
				INFOPLIST_FILE = AreteWidget/Info.plist;
				INFOPLIST_KEY_CFBundleDisplayName = "1%";
				INFOPLIST_KEY_NSHumanReadableCopyright = "";
				IPHONEOS_DEPLOYMENT_TARGET = 18.6;
				LD_RUNPATH_SEARCH_PATHS = (
					"$(inherited)",
					"@executable_path/Frameworks",
					"@executable_path/../../Frameworks",
				);
				MARKETING_VERSION = 1.0.4;
				PRODUCT_BUNDLE_IDENTIFIER = com.jeimii.AppBlocker.AreteWidget;
				PRODUCT_NAME = "$(TARGET_NAME)";
				SDKROOT = iphoneos;
				SKIP_INSTALL = YES;
				STRING_CATALOG_GENERATE_SYMBOLS = YES;
				SWIFT_APPROACHABLE_CONCURRENCY = YES;
				SWIFT_EMIT_LOC_STRINGS = YES;
				SWIFT_UPCOMING_FEATURE_MEMBER_IMPORT_VISIBILITY = YES;
				SWIFT_VERSION = 5.0;
				TARGETED_DEVICE_FAMILY = 1;
				VALIDATE_PRODUCT = YES;
			};
			name = Release;
		};
/* End XCBuildConfiguration section */

/* Begin XCConfigurationList section */
		7F0611632F2E29F600EE1B87 /* Build configuration list for PBXProject "AppBlocker" */ = {
			isa = XCConfigurationList;
			buildConfigurations = (
				7F0611712F2E29F700EE1B87 /* Debug */,
				7F0611722F2E29F700EE1B87 /* Release */,
			);
			defaultConfigurationIsVisible = 0;
			defaultConfigurationName = Release;
		};
		7F0611732F2E29F700EE1B87 /* Build configuration list for PBXNativeTarget "AppBlocker" */ = {
			isa = XCConfigurationList;
			buildConfigurations = (
				7F0611742F2E29F700EE1B87 /* Debug */,
				7F0611752F2E29F700EE1B87 /* Release */,
			);
			defaultConfigurationIsVisible = 0;
			defaultConfigurationName = Release;
		};
		7F0611BB2F2E352300EE1B87 /* Build configuration list for PBXNativeTarget "ShieldConfigurationExtension" */ = {
			isa = XCConfigurationList;
			buildConfigurations = (
				7F0611BC2F2E352300EE1B87 /* Debug */,
				7F0611BD2F2E352300EE1B87 /* Release */,
			);
			defaultConfigurationIsVisible = 0;
			defaultConfigurationName = Release;
		};
		7F0611CE2F2E355300EE1B87 /* Build configuration list for PBXNativeTarget "ShieldActionExtension" */ = {
			isa = XCConfigurationList;
			buildConfigurations = (
				7F0611CF2F2E355300EE1B87 /* Debug */,
				7F0611D02F2E355300EE1B87 /* Release */,
			);
			defaultConfigurationIsVisible = 0;
			defaultConfigurationName = Release;
		};
		7F06124A2F2F4B3E00EE1B87 /* Build configuration list for PBXNativeTarget "DeviceActivityMonitorExtension" */ = {
			isa = XCConfigurationList;
			buildConfigurations = (
				7F06124B2F2F4B3E00EE1B87 /* Debug */,
				7F06124C2F2F4B3E00EE1B87 /* Release */,
			);
			defaultConfigurationIsVisible = 0;
			defaultConfigurationName = Release;
		};
		7F7A2D1B3004EF2B00D7E91F /* Build configuration list for PBXNativeTarget "UsageReportExtension" */ = {
			isa = XCConfigurationList;
			buildConfigurations = (
				7F7A2D1C3004EF2B00D7E91F /* Debug */,
				7F7A2D1D3004EF2B00D7E91F /* Release */,
			);
			defaultConfigurationIsVisible = 0;
			defaultConfigurationName = Release;
		};
		7FC0526F2FB7502100723E30 /* Build configuration list for PBXNativeTarget "AreteWidgetExtension" */ = {
			isa = XCConfigurationList;
			buildConfigurations = (
				7FC052702FB7502100723E30 /* Debug */,
				7FC052712FB7502100723E30 /* Release */,
			);
			defaultConfigurationIsVisible = 0;
			defaultConfigurationName = Release;
		};
/* End XCConfigurationList section */

/* Begin XCRemoteSwiftPackageReference section */
		7F117E3E2F82352400DA3116 /* XCRemoteSwiftPackageReference "supabase-swift" */ = {
			isa = XCRemoteSwiftPackageReference;
			repositoryURL = "https://github.com/supabase/supabase-swift";
			requirement = {
				kind = upToNextMajorVersion;
				minimumVersion = 2.5.1;
			};
		};
		7F7A2FAE300B978300D7E91F /* XCRemoteSwiftPackageReference "purchases-ios-spm" */ = {
			isa = XCRemoteSwiftPackageReference;
			repositoryURL = "https://github.com/RevenueCat/purchases-ios-spm.git";
			requirement = {
				kind = upToNextMajorVersion;
				minimumVersion = 5.81.1;
			};
		};
		7FADAD0130130001000AD001 /* XCRemoteSwiftPackageReference "swift-package-manager-google-mobile-ads" */ = {
			isa = XCRemoteSwiftPackageReference;
			repositoryURL = "https://github.com/googleads/swift-package-manager-google-mobile-ads.git";
			requirement = {
				kind = upToNextMajorVersion;
				minimumVersion = 12.0.0;
			};
		};
/* End XCRemoteSwiftPackageReference section */

/* Begin XCSwiftPackageProductDependency section */
		7F117E3F2F82368900DA3116 /* Supabase */ = {
			isa = XCSwiftPackageProductDependency;
			package = 7F117E3E2F82352400DA3116 /* XCRemoteSwiftPackageReference "supabase-swift" */;
			productName = Supabase;
		};
		7F7A2FB0300B97A800D7E91F /* RevenueCat */ = {
			isa = XCSwiftPackageProductDependency;
			package = 7F7A2FAE300B978300D7E91F /* XCRemoteSwiftPackageReference "purchases-ios-spm" */;
			productName = RevenueCat;
		};
		7FADAD0230130002000AD002 /* GoogleMobileAds */ = {
			isa = XCSwiftPackageProductDependency;
			package = 7FADAD0130130001000AD001 /* XCRemoteSwiftPackageReference "swift-package-manager-google-mobile-ads" */;
			productName = GoogleMobileAds;
		};
/* End XCSwiftPackageProductDependency section */
	};
	rootObject = 7F0611602F2E29F600EE1B87 /* Project object */;
}
